// !$*UTF8*$!
{
	archiveVersion = 1;
	classes = {
	};
	objectVersion = 50;
	objects = {

/* Begin PBXBuildFile section */
		A50DFF2423AA20B30039AE0B /* GithubRepoSortInteractor.swift in Sources */ = {isa = PBXBuildFile; fileRef = A50DFF2323AA20B30039AE0B /* GithubRepoSortInteractor.swift */; };
		A50DFF2623AA340A0039AE0B /* GithubRepoSortInteractorTests.swift in Sources */ = {isa = PBXBuildFile; fileRef = A50DFF2523AA340A0039AE0B /* GithubRepoSortInteractorTests.swift */; };
		A51D187E2382BD0400115277 /* AppDelegate.swift in Sources */ = {isa = PBXBuildFile; fileRef = A51D187D2382BD0400115277 /* AppDelegate.swift */; };
		A51D18852382BD0400115277 /* Main.storyboard in Resources */ = {isa = PBXBuildFile; fileRef = A51D18832382BD0400115277 /* Main.storyboard */; };
		A51D18872382BD0700115277 /* Assets.xcassets in Resources */ = {isa = PBXBuildFile; fileRef = A51D18862382BD0700115277 /* Assets.xcassets */; };
		A51D188A2382BD0700115277 /* LaunchScreen.storyboard in Resources */ = {isa = PBXBuildFile; fileRef = A51D18882382BD0700115277 /* LaunchScreen.storyboard */; };
		A51D194A2382E7BF00115277 /* MainViewController.swift in Sources */ = {isa = PBXBuildFile; fileRef = A51D19492382E7BF00115277 /* MainViewController.swift */; };
		A51D19BC238982C800115277 /* Sample1A.framework in Frameworks */ = {isa = PBXBuildFile; fileRef = A51D19B3238982C800115277 /* Sample1A.framework */; };
		A51D19C5238982C800115277 /* Sample1A.h in Headers */ = {isa = PBXBuildFile; fileRef = A51D19B5238982C800115277 /* Sample1A.h */; settings = {ATTRIBUTES = (Public, ); }; };
		A51D19C8238982C800115277 /* Sample1A.framework in Frameworks */ = {isa = PBXBuildFile; fileRef = A51D19B3238982C800115277 /* Sample1A.framework */; };
		A51D19C9238982C800115277 /* Sample1A.framework in Embed Frameworks */ = {isa = PBXBuildFile; fileRef = A51D19B3238982C800115277 /* Sample1A.framework */; settings = {ATTRIBUTES = (CodeSignOnCopy, RemoveHeadersOnCopy, ); }; };
		A51D19D62389853200115277 /* GithubRepoEntity.swift in Sources */ = {isa = PBXBuildFile; fileRef = A51D19D22389853200115277 /* GithubRepoEntity.swift */; };
		A51D19D72389853200115277 /* DependencyInjectable.swift in Sources */ = {isa = PBXBuildFile; fileRef = A51D19D42389853200115277 /* DependencyInjectable.swift */; };
		A51D19D82389853200115277 /* AppDependencies.swift in Sources */ = {isa = PBXBuildFile; fileRef = A51D19D52389853200115277 /* AppDependencies.swift */; };
		A51D19EE2389853E00115277 /* GithubRepoSearchPresenter.swift in Sources */ = {isa = PBXBuildFile; fileRef = A51D19DC2389853E00115277 /* GithubRepoSearchPresenter.swift */; };
		A51D19EF2389853E00115277 /* GithubRepoSearchViewController.swift in Sources */ = {isa = PBXBuildFile; fileRef = A51D19DE2389853E00115277 /* GithubRepoSearchViewController.swift */; };
		A51D19F02389853E00115277 /* GithubRepoSearch.storyboard in Resources */ = {isa = PBXBuildFile; fileRef = A51D19DF2389853E00115277 /* GithubRepoSearch.storyboard */; };
		A51D19F12389853E00115277 /* GithubRepoSearchInteractor.swift in Sources */ = {isa = PBXBuildFile; fileRef = A51D19E12389853E00115277 /* GithubRepoSearchInteractor.swift */; };
		A51D19F22389853E00115277 /* GithubRepoSearchRouter.swift in Sources */ = {isa = PBXBuildFile; fileRef = A51D19E32389853E00115277 /* GithubRepoSearchRouter.swift */; };
		A51D19F42389853E00115277 /* GithubRepoDetailPresenter.swift in Sources */ = {isa = PBXBuildFile; fileRef = A51D19E72389853E00115277 /* GithubRepoDetailPresenter.swift */; };
		A51D19F52389853E00115277 /* GithubRepoDetailViewController.swift in Sources */ = {isa = PBXBuildFile; fileRef = A51D19E92389853E00115277 /* GithubRepoDetailViewController.swift */; };
		A51D19F62389853E00115277 /* GithubRepoDetail.storyboard in Resources */ = {isa = PBXBuildFile; fileRef = A51D19EA2389853E00115277 /* GithubRepoDetail.storyboard */; };
		A51D19F82389853E00115277 /* GithubRepoDetailRouter.swift in Sources */ = {isa = PBXBuildFile; fileRef = A51D19ED2389853E00115277 /* GithubRepoDetailRouter.swift */; };
		A51D19FF2389872200115277 /* GithubRepoDetailPresenterTests.swift in Sources */ = {isa = PBXBuildFile; fileRef = A51D19FA2389872200115277 /* GithubRepoDetailPresenterTests.swift */; };
		A51D1A002389872200115277 /* AppTestDependencies.swift in Sources */ = {isa = PBXBuildFile; fileRef = A51D19FB2389872200115277 /* AppTestDependencies.swift */; };
		A51D1A012389872200115277 /* GithubRepoSearchRouterTests.swift in Sources */ = {isa = PBXBuildFile; fileRef = A51D19FD2389872200115277 /* GithubRepoSearchRouterTests.swift */; };
		A51D1A022389872200115277 /* GithubRepoSearchPresenterTests.swift in Sources */ = {isa = PBXBuildFile; fileRef = A51D19FE2389872200115277 /* GithubRepoSearchPresenterTests.swift */; };
		A5708D9F23B20D9C00855DA9 /* DisplayGithubRepoData.swift in Sources */ = {isa = PBXBuildFile; fileRef = A5708D9E23B20D9C00855DA9 /* DisplayGithubRepoData.swift */; };
		A5720628238A442E0055982F /* UseCase.swift in Sources */ = {isa = PBXBuildFile; fileRef = A5720627238A442E0055982F /* UseCase.swift */; };
		A572062C238A62060055982F /* GithubRepoRecomendInteractor.swift in Sources */ = {isa = PBXBuildFile; fileRef = A572062B238A62060055982F /* GithubRepoRecomendInteractor.swift */; };
/* End PBXBuildFile section */

/* Begin PBXContainerItemProxy section */
		A51D19BD238982C800115277 /* PBXContainerItemProxy */ = {
			isa = PBXContainerItemProxy;
			containerPortal = A51D18722382BD0400115277 /* Project object */;
			proxyType = 1;
			remoteGlobalIDString = A51D19B2238982C800115277;
			remoteInfo = Sample1A;
		};
		A51D19BF238982C800115277 /* PBXContainerItemProxy */ = {
			isa = PBXContainerItemProxy;
			containerPortal = A51D18722382BD0400115277 /* Project object */;
			proxyType = 1;
			remoteGlobalIDString = A51D18792382BD0400115277;
			remoteInfo = VIPERBook1Sample;
		};
		A51D19C6238982C800115277 /* PBXContainerItemProxy */ = {
			isa = PBXContainerItemProxy;
			containerPortal = A51D18722382BD0400115277 /* Project object */;
			proxyType = 1;
			remoteGlobalIDString = A51D19B2238982C800115277;
			remoteInfo = Sample1A;
		};
/* End PBXContainerItemProxy section */

/* Begin PBXCopyFilesBuildPhase section */
		A51D19142382E33C00115277 /* Embed Frameworks */ = {
			isa = PBXCopyFilesBuildPhase;
			buildActionMask = 2147483647;
			dstPath = "";
			dstSubfolderSpec = 10;
			files = (
				A51D19C9238982C800115277 /* Sample1A.framework in Embed Frameworks */,
			);
			name = "Embed Frameworks";
			runOnlyForDeploymentPostprocessing = 0;
		};
/* End PBXCopyFilesBuildPhase section */

/* Begin PBXFileReference section */
		A50DFF2323AA20B30039AE0B /* GithubRepoSortInteractor.swift */ = {isa = PBXFileReference; lastKnownFileType = sourcecode.swift; path = GithubRepoSortInteractor.swift; sourceTree = "<group>"; };
		A50DFF2523AA340A0039AE0B /* GithubRepoSortInteractorTests.swift */ = {isa = PBXFileReference; lastKnownFileType = sourcecode.swift; path = GithubRepoSortInteractorTests.swift; sourceTree = "<group>"; };
		A51D187A2382BD0400115277 /* VIPERBook1Sample.app */ = {isa = PBXFileReference; explicitFileType = wrapper.application; includeInIndex = 0; path = VIPERBook1Sample.app; sourceTree = BUILT_PRODUCTS_DIR; };
		A51D187D2382BD0400115277 /* AppDelegate.swift */ = {isa = PBXFileReference; lastKnownFileType = sourcecode.swift; path = AppDelegate.swift; sourceTree = "<group>"; };
		A51D18842382BD0400115277 /* Base */ = {isa = PBXFileReference; lastKnownFileType = file.storyboard; name = Base; path = Base.lproj/Main.storyboard; sourceTree = "<group>"; };
		A51D18862382BD0700115277 /* Assets.xcassets */ = {isa = PBXFileReference; lastKnownFileType = folder.assetcatalog; path = Assets.xcassets; sourceTree = "<group>"; };
		A51D18892382BD0700115277 /* Base */ = {isa = PBXFileReference; lastKnownFileType = file.storyboard; name = Base; path = Base.lproj/LaunchScreen.storyboard; sourceTree = "<group>"; };
		A51D188B2382BD0700115277 /* Info.plist */ = {isa = PBXFileReference; lastKnownFileType = text.plist.xml; path = Info.plist; sourceTree = "<group>"; };
		A51D19492382E7BF00115277 /* MainViewController.swift */ = {isa = PBXFileReference; lastKnownFileType = sourcecode.swift; path = MainViewController.swift; sourceTree = "<group>"; };
		A51D19B3238982C800115277 /* Sample1A.framework */ = {isa = PBXFileReference; explicitFileType = wrapper.framework; includeInIndex = 0; path = Sample1A.framework; sourceTree = BUILT_PRODUCTS_DIR; };
		A51D19B5238982C800115277 /* Sample1A.h */ = {isa = PBXFileReference; lastKnownFileType = sourcecode.c.h; path = Sample1A.h; sourceTree = "<group>"; };
		A51D19B6238982C800115277 /* Info.plist */ = {isa = PBXFileReference; lastKnownFileType = text.plist.xml; path = Info.plist; sourceTree = "<group>"; };
		A51D19BB238982C800115277 /* Sample1ATests.xctest */ = {isa = PBXFileReference; explicitFileType = wrapper.cfbundle; includeInIndex = 0; path = Sample1ATests.xctest; sourceTree = BUILT_PRODUCTS_DIR; };
		A51D19C4238982C800115277 /* Info.plist */ = {isa = PBXFileReference; lastKnownFileType = text.plist.xml; path = Info.plist; sourceTree = "<group>"; };
		A51D19D22389853200115277 /* GithubRepoEntity.swift */ = {isa = PBXFileReference; fileEncoding = 4; lastKnownFileType = sourcecode.swift; path = GithubRepoEntity.swift; sourceTree = "<group>"; };
		A51D19D42389853200115277 /* DependencyInjectable.swift */ = {isa = PBXFileReference; fileEncoding = 4; lastKnownFileType = sourcecode.swift; path = DependencyInjectable.swift; sourceTree = "<group>"; };
		A51D19D52389853200115277 /* AppDependencies.swift */ = {isa = PBXFileReference; fileEncoding = 4; lastKnownFileType = sourcecode.swift; path = AppDependencies.swift; sourceTree = "<group>"; };
		A51D19DC2389853E00115277 /* GithubRepoSearchPresenter.swift */ = {isa = PBXFileReference; fileEncoding = 4; lastKnownFileType = sourcecode.swift; path = GithubRepoSearchPresenter.swift; sourceTree = "<group>"; };
		A51D19DE2389853E00115277 /* GithubRepoSearchViewController.swift */ = {isa = PBXFileReference; fileEncoding = 4; lastKnownFileType = sourcecode.swift; path = GithubRepoSearchViewController.swift; sourceTree = "<group>"; };
		A51D19DF2389853E00115277 /* GithubRepoSearch.storyboard */ = {isa = PBXFileReference; fileEncoding = 4; lastKnownFileType = file.storyboard; path = GithubRepoSearch.storyboard; sourceTree = "<group>"; };
		A51D19E12389853E00115277 /* GithubRepoSearchInteractor.swift */ = {isa = PBXFileReference; fileEncoding = 4; lastKnownFileType = sourcecode.swift; path = GithubRepoSearchInteractor.swift; sourceTree = "<group>"; };
		A51D19E32389853E00115277 /* GithubRepoSearchRouter.swift */ = {isa = PBXFileReference; fileEncoding = 4; lastKnownFileType = sourcecode.swift; path = GithubRepoSearchRouter.swift; sourceTree = "<group>"; };
		A51D19E72389853E00115277 /* GithubRepoDetailPresenter.swift */ = {isa = PBXFileReference; fileEncoding = 4; lastKnownFileType = sourcecode.swift; path = GithubRepoDetailPresenter.swift; sourceTree = "<group>"; };
		A51D19E92389853E00115277 /* GithubRepoDetailViewController.swift */ = {isa = PBXFileReference; fileEncoding = 4; lastKnownFileType = sourcecode.swift; path = GithubRepoDetailViewController.swift; sourceTree = "<group>"; };
		A51D19EA2389853E00115277 /* GithubRepoDetail.storyboard */ = {isa = PBXFileReference; fileEncoding = 4; lastKnownFileType = file.storyboard; path = GithubRepoDetail.storyboard; sourceTree = "<group>"; };
		A51D19ED2389853E00115277 /* GithubRepoDetailRouter.swift */ = {isa = PBXFileReference; fileEncoding = 4; lastKnownFileType = sourcecode.swift; path = GithubRepoDetailRouter.swift; sourceTree = "<group>"; };
		A51D19FA2389872200115277 /* GithubRepoDetailPresenterTests.swift */ = {isa = PBXFileReference; fileEncoding = 4; lastKnownFileType = sourcecode.swift; path = GithubRepoDetailPresenterTests.swift; sourceTree = "<group>"; };
		A51D19FB2389872200115277 /* AppTestDependencies.swift */ = {isa = PBXFileReference; fileEncoding = 4; lastKnownFileType = sourcecode.swift; path = AppTestDependencies.swift; sourceTree = "<group>"; };
		A51D19FD2389872200115277 /* GithubRepoSearchRouterTests.swift */ = {isa = PBXFileReference; fileEncoding = 4; lastKnownFileType = sourcecode.swift; path = GithubRepoSearchRouterTests.swift; sourceTree = "<group>"; };
		A51D19FE2389872200115277 /* GithubRepoSearchPresenterTests.swift */ = {isa = PBXFileReference; fileEncoding = 4; lastKnownFileType = sourcecode.swift; path = GithubRepoSearchPresenterTests.swift; sourceTree = "<group>"; };
		A5708D9E23B20D9C00855DA9 /* DisplayGithubRepoData.swift */ = {isa = PBXFileReference; lastKnownFileType = sourcecode.swift; path = DisplayGithubRepoData.swift; sourceTree = "<group>"; };
		A5720627238A442E0055982F /* UseCase.swift */ = {isa = PBXFileReference; lastKnownFileType = sourcecode.swift; path = UseCase.swift; sourceTree = "<group>"; };
		A572062B238A62060055982F /* GithubRepoRecomendInteractor.swift */ = {isa = PBXFileReference; lastKnownFileType = sourcecode.swift; path = GithubRepoRecomendInteractor.swift; sourceTree = "<group>"; };
/* End PBXFileReference section */

/* Begin PBXFrameworksBuildPhase section */
		A51D18772382BD0400115277 /* Frameworks */ = {
			isa = PBXFrameworksBuildPhase;
			buildActionMask = 2147483647;
			files = (
				A51D19C8238982C800115277 /* Sample1A.framework in Frameworks */,
			);
			runOnlyForDeploymentPostprocessing = 0;
		};
		A51D19B0238982C800115277 /* Frameworks */ = {
			isa = PBXFrameworksBuildPhase;
			buildActionMask = 2147483647;
			files = (
			);
			runOnlyForDeploymentPostprocessing = 0;
		};
		A51D19B8238982C800115277 /* Frameworks */ = {
			isa = PBXFrameworksBuildPhase;
			buildActionMask = 2147483647;
			files = (
				A51D19BC238982C800115277 /* Sample1A.framework in Frameworks */,
			);
			runOnlyForDeploymentPostprocessing = 0;
		};
/* End PBXFrameworksBuildPhase section */

/* Begin PBXGroup section */
		A51D18712382BD0400115277 = {
			isa = PBXGroup;
			children = (
				A51D187C2382BD0400115277 /* VIPERBook1Sample */,
				A51D19B4238982C800115277 /* Sample1A */,
				A51D19C1238982C800115277 /* Sample1ATests */,
				A51D187B2382BD0400115277 /* Products */,
			);
			sourceTree = "<group>";
		};
		A51D187B2382BD0400115277 /* Products */ = {
			isa = PBXGroup;
			children = (
				A51D187A2382BD0400115277 /* VIPERBook1Sample.app */,
				A51D19B3238982C800115277 /* Sample1A.framework */,
				A51D19BB238982C800115277 /* Sample1ATests.xctest */,
			);
			name = Products;
			sourceTree = "<group>";
		};
		A51D187C2382BD0400115277 /* VIPERBook1Sample */ = {
			isa = PBXGroup;
			children = (
				A51D187D2382BD0400115277 /* AppDelegate.swift */,
				A51D18832382BD0400115277 /* Main.storyboard */,
				A51D18862382BD0700115277 /* Assets.xcassets */,
				A51D18882382BD0700115277 /* LaunchScreen.storyboard */,
				A51D188B2382BD0700115277 /* Info.plist */,
				A51D19492382E7BF00115277 /* MainViewController.swift */,
			);
			path = VIPERBook1Sample;
			sourceTree = "<group>";
		};
		A51D19B4238982C800115277 /* Sample1A */ = {
			isa = PBXGroup;
			children = (
				A51D19D52389853200115277 /* AppDependencies.swift */,
				A51D19D02389853200115277 /* Common */,
				A51D19D92389853E00115277 /* Modules */,
				A51D19B5238982C800115277 /* Sample1A.h */,
				A51D19B6238982C800115277 /* Info.plist */,
			);
			path = Sample1A;
			sourceTree = "<group>";
		};
		A51D19C1238982C800115277 /* Sample1ATests */ = {
			isa = PBXGroup;
			children = (
				A51D19FB2389872200115277 /* AppTestDependencies.swift */,
				A51D19FC2389872200115277 /* GithubRepoSearch */,
				A51D19F92389872200115277 /* GithubRepoDetail */,
				A51D19C4238982C800115277 /* Info.plist */,
			);
			path = Sample1ATests;
			sourceTree = "<group>";
		};
		A51D19D02389853200115277 /* Common */ = {
			isa = PBXGroup;
			children = (
				A51D19D12389853200115277 /* Entity */,
				A51D19D32389853200115277 /* Protocol */,
			);
			path = Common;
			sourceTree = "<group>";
		};
		A51D19D12389853200115277 /* Entity */ = {
			isa = PBXGroup;
			children = (
				A51D19D22389853200115277 /* GithubRepoEntity.swift */,
			);
			path = Entity;
			sourceTree = "<group>";
		};
		A51D19D32389853200115277 /* Protocol */ = {
			isa = PBXGroup;
			children = (
				A5720627238A442E0055982F /* UseCase.swift */,
				A51D19D42389853200115277 /* DependencyInjectable.swift */,
			);
			path = Protocol;
			sourceTree = "<group>";
		};
		A51D19D92389853E00115277 /* Modules */ = {
			isa = PBXGroup;
			children = (
				A51D19DA2389853E00115277 /* GithubReposSearch */,
				A51D19E42389853E00115277 /* GithubReposDetail */,
			);
			path = Modules;
			sourceTree = "<group>";
		};
		A51D19DA2389853E00115277 /* GithubReposSearch */ = {
			isa = PBXGroup;
			children = (
				A51D19DD2389853E00115277 /* Views */,
				A51D19DB2389853E00115277 /* Presenter */,
				A51D19E22389853E00115277 /* Router */,
				A51D19E02389853E00115277 /* Interactor */,
			);
			path = GithubReposSearch;
			sourceTree = "<group>";
		};
		A51D19DB2389853E00115277 /* Presenter */ = {
			isa = PBXGroup;
			children = (
				A51D19DC2389853E00115277 /* GithubRepoSearchPresenter.swift */,
				A5708D9E23B20D9C00855DA9 /* DisplayGithubRepoData.swift */,
			);
			path = Presenter;
			sourceTree = "<group>";
		};
		A51D19DD2389853E00115277 /* Views */ = {
			isa = PBXGroup;
			children = (
				A51D19DE2389853E00115277 /* GithubRepoSearchViewController.swift */,
				A51D19DF2389853E00115277 /* GithubRepoSearch.storyboard */,
			);
			path = Views;
			sourceTree = "<group>";
		};
		A51D19E02389853E00115277 /* Interactor */ = {
			isa = PBXGroup;
			children = (
				A51D19E12389853E00115277 /* GithubRepoSearchInteractor.swift */,
				A572062B238A62060055982F /* GithubRepoRecomendInteractor.swift */,
				A50DFF2323AA20B30039AE0B /* GithubRepoSortInteractor.swift */,
			);
			path = Interactor;
			sourceTree = "<group>";
		};
		A51D19E22389853E00115277 /* Router */ = {
			isa = PBXGroup;
			children = (
				A51D19E32389853E00115277 /* GithubRepoSearchRouter.swift */,
			);
			path = Router;
			sourceTree = "<group>";
		};
		A51D19E42389853E00115277 /* GithubReposDetail */ = {
			isa = PBXGroup;
			children = (
				A51D19E82389853E00115277 /* Views */,
				A51D19E52389853E00115277 /* Presenter */,
				A51D19EB2389853E00115277 /* Router */,
			);
			path = GithubReposDetail;
			sourceTree = "<group>";
		};
		A51D19E52389853E00115277 /* Presenter */ = {
			isa = PBXGroup;
			children = (
				A51D19E72389853E00115277 /* GithubRepoDetailPresenter.swift */,
			);
			path = Presenter;
			sourceTree = "<group>";
		};
		A51D19E82389853E00115277 /* Views */ = {
			isa = PBXGroup;
			children = (
				A51D19E92389853E00115277 /* GithubRepoDetailViewController.swift */,
				A51D19EA2389853E00115277 /* GithubRepoDetail.storyboard */,
			);
			path = Views;
			sourceTree = "<group>";
		};
		A51D19EB2389853E00115277 /* Router */ = {
			isa = PBXGroup;
			children = (
				A51D19ED2389853E00115277 /* GithubRepoDetailRouter.swift */,
			);
			path = Router;
			sourceTree = "<group>";
		};
		A51D19F92389872200115277 /* GithubRepoDetail */ = {
			isa = PBXGroup;
			children = (
				A51D19FA2389872200115277 /* GithubRepoDetailPresenterTests.swift */,
			);
			path = GithubRepoDetail;
			sourceTree = "<group>";
		};
		A51D19FC2389872200115277 /* GithubRepoSearch */ = {
			isa = PBXGroup;
			children = (
				A51D19FD2389872200115277 /* GithubRepoSearchRouterTests.swift */,
				A51D19FE2389872200115277 /* GithubRepoSearchPresenterTests.swift */,
				A50DFF2523AA340A0039AE0B /* GithubRepoSortInteractorTests.swift */,
			);
			path = GithubRepoSearch;
			sourceTree = "<group>";
		};
/* End PBXGroup section */

/* Begin PBXHeadersBuildPhase section */
		A51D19AE238982C800115277 /* Headers */ = {
			isa = PBXHeadersBuildPhase;
			buildActionMask = 2147483647;
			files = (
				A51D19C5238982C800115277 /* Sample1A.h in Headers */,
			);
			runOnlyForDeploymentPostprocessing = 0;
		};
/* End PBXHeadersBuildPhase section */

/* Begin PBXNativeTarget section */
		A51D18792382BD0400115277 /* VIPERBook1Sample */ = {
			isa = PBXNativeTarget;
			buildConfigurationList = A51D18992382BD0800115277 /* Build configuration list for PBXNativeTarget "VIPERBook1Sample" */;
			buildPhases = (
				A51D18762382BD0400115277 /* Sources */,
				A51D18772382BD0400115277 /* Frameworks */,
				A51D18782382BD0400115277 /* Resources */,
				A51D19142382E33C00115277 /* Embed Frameworks */,
			);
			buildRules = (
			);
			dependencies = (
				A51D19C7238982C800115277 /* PBXTargetDependency */,
			);
			name = VIPERBook1Sample;
			productName = VIPERBook1Sample;
			productReference = A51D187A2382BD0400115277 /* VIPERBook1Sample.app */;
			productType = "com.apple.product-type.application";
		};
		A51D19B2238982C800115277 /* Sample1A */ = {
			isa = PBXNativeTarget;
			buildConfigurationList = A51D19CE238982C800115277 /* Build configuration list for PBXNativeTarget "Sample1A" */;
			buildPhases = (
				A51D19AE238982C800115277 /* Headers */,
				A51D19AF238982C800115277 /* Sources */,
				A51D19B0238982C800115277 /* Frameworks */,
				A51D19B1238982C800115277 /* Resources */,
			);
			buildRules = (
			);
			dependencies = (
			);
			name = Sample1A;
			productName = Sample1A;
			productReference = A51D19B3238982C800115277 /* Sample1A.framework */;
			productType = "com.apple.product-type.framework";
		};
		A51D19BA238982C800115277 /* Sample1ATests */ = {
			isa = PBXNativeTarget;
			buildConfigurationList = A51D19CF238982C800115277 /* Build configuration list for PBXNativeTarget "Sample1ATests" */;
			buildPhases = (
				A51D19B7238982C800115277 /* Sources */,
				A51D19B8238982C800115277 /* Frameworks */,
				A51D19B9238982C800115277 /* Resources */,
			);
			buildRules = (
			);
			dependencies = (
				A51D19BE238982C800115277 /* PBXTargetDependency */,
				A51D19C0238982C800115277 /* PBXTargetDependency */,
			);
			name = Sample1ATests;
			productName = Sample1ATests;
			productReference = A51D19BB238982C800115277 /* Sample1ATests.xctest */;
			productType = "com.apple.product-type.bundle.unit-test";
		};
/* End PBXNativeTarget section */

/* Begin PBXProject section */
		A51D18722382BD0400115277 /* Project object */ = {
			isa = PBXProject;
			attributes = {
				LastSwiftUpdateCheck = 1120;
				LastUpgradeCheck = 1120;
				ORGANIZATIONNAME = "Yoshinori Imajo";
				TargetAttributes = {
					A51D18792382BD0400115277 = {
						CreatedOnToolsVersion = 11.2.1;
					};
					A51D19B2238982C800115277 = {
						CreatedOnToolsVersion = 11.2.1;
						LastSwiftMigration = 1120;
					};
					A51D19BA238982C800115277 = {
						CreatedOnToolsVersion = 11.2.1;
						TestTargetID = A51D18792382BD0400115277;
					};
				};
			};
			buildConfigurationList = A51D18752382BD0400115277 /* Build configuration list for PBXProject "VIPERBook1Sample" */;
			compatibilityVersion = "Xcode 9.3";
			developmentRegion = en;
			hasScannedForEncodings = 0;
			knownRegions = (
				en,
				Base,
			);
			mainGroup = A51D18712382BD0400115277;
			productRefGroup = A51D187B2382BD0400115277 /* Products */;
			projectDirPath = "";
			projectRoot = "";
			targets = (
				A51D18792382BD0400115277 /* VIPERBook1Sample */,
				A51D19B2238982C800115277 /* Sample1A */,
				A51D19BA238982C800115277 /* Sample1ATests */,
			);
		};
/* End PBXProject section */

/* Begin PBXResourcesBuildPhase section */
		A51D18782382BD0400115277 /* Resources */ = {
			isa = PBXResourcesBuildPhase;
			buildActionMask = 2147483647;
			files = (
				A51D188A2382BD0700115277 /* LaunchScreen.storyboard in Resources */,
				A51D18872382BD0700115277 /* Assets.xcassets in Resources */,
				A51D18852382BD0400115277 /* Main.storyboard in Resources */,
			);
			runOnlyForDeploymentPostprocessing = 0;
		};
		A51D19B1238982C800115277 /* Resources */ = {
			isa = PBXResourcesBuildPhase;
			buildActionMask = 2147483647;
			files = (
				A51D19F62389853E00115277 /* GithubRepoDetail.storyboard in Resources */,
				A51D19F02389853E00115277 /* GithubRepoSearch.storyboard in Resources */,
			);
			runOnlyForDeploymentPostprocessing = 0;
		};
		A51D19B9238982C800115277 /* Resources */ = {
			isa = PBXResourcesBuildPhase;
			buildActionMask = 2147483647;
			files = (
			);
			runOnlyForDeploymentPostprocessing = 0;
		};
/* End PBXResourcesBuildPhase section */

/* Begin PBXSourcesBuildPhase section */
		A51D18762382BD0400115277 /* Sources */ = {
			isa = PBXSourcesBuildPhase;
			buildActionMask = 2147483647;
			files = (
				A51D194A2382E7BF00115277 /* MainViewController.swift in Sources */,
				A51D187E2382BD0400115277 /* AppDelegate.swift in Sources */,
			);
			runOnlyForDeploymentPostprocessing = 0;
		};
		A51D19AF238982C800115277 /* Sources */ = {
			isa = PBXSourcesBuildPhase;
			buildActionMask = 2147483647;
			files = (
				A50DFF2423AA20B30039AE0B /* GithubRepoSortInteractor.swift in Sources */,
				A5708D9F23B20D9C00855DA9 /* DisplayGithubRepoData.swift in Sources */,
				A51D19EF2389853E00115277 /* GithubRepoSearchViewController.swift in Sources */,
				A51D19D82389853200115277 /* AppDependencies.swift in Sources */,
				A51D19F42389853E00115277 /* GithubRepoDetailPresenter.swift in Sources */,
				A572062C238A62060055982F /* GithubRepoRecomendInteractor.swift in Sources */,
				A51D19F82389853E00115277 /* GithubRepoDetailRouter.swift in Sources */,
				A51D19F52389853E00115277 /* GithubRepoDetailViewController.swift in Sources */,
				A5720628238A442E0055982F /* UseCase.swift in Sources */,
				A51D19F12389853E00115277 /* GithubRepoSearchInteractor.swift in Sources */,
				A51D19EE2389853E00115277 /* GithubRepoSearchPresenter.swift in Sources */,
				A51D19D62389853200115277 /* GithubRepoEntity.swift in Sources */,
				A51D19D72389853200115277 /* DependencyInjectable.swift in Sources */,
				A51D19F22389853E00115277 /* GithubRepoSearchRouter.swift in Sources */,
			);
			runOnlyForDeploymentPostprocessing = 0;
		};
		A51D19B7238982C800115277 /* Sources */ = {
			isa = PBXSourcesBuildPhase;
			buildActionMask = 2147483647;
			files = (
				A51D19FF2389872200115277 /* GithubRepoDetailPresenterTests.swift in Sources */,
				A51D1A012389872200115277 /* GithubRepoSearchRouterTests.swift in Sources */,
				A50DFF2623AA340A0039AE0B /* GithubRepoSortInteractorTests.swift in Sources */,
				A51D1A002389872200115277 /* AppTestDependencies.swift in Sources */,
				A51D1A022389872200115277 /* GithubRepoSearchPresenterTests.swift in Sources */,
			);
			runOnlyForDeploymentPostprocessing = 0;
		};
/* End PBXSourcesBuildPhase section */

/* Begin PBXTargetDependency section */
		A51D19BE238982C800115277 /* PBXTargetDependency */ = {
			isa = PBXTargetDependency;
			target = A51D19B2238982C800115277 /* Sample1A */;
			targetProxy = A51D19BD238982C800115277 /* PBXContainerItemProxy */;
		};
		A51D19C0238982C800115277 /* PBXTargetDependency */ = {
			isa = PBXTargetDependency;
			target = A51D18792382BD0400115277 /* VIPERBook1Sample */;
			targetProxy = A51D19BF238982C800115277 /* PBXContainerItemProxy */;
		};
		A51D19C7238982C800115277 /* PBXTargetDependency */ = {
			isa = PBXTargetDependency;
			target = A51D19B2238982C800115277 /* Sample1A */;
			targetProxy = A51D19C6238982C800115277 /* PBXContainerItemProxy */;
		};
/* End PBXTargetDependency section */

/* Begin PBXVariantGroup section */
		A51D18832382BD0400115277 /* Main.storyboard */ = {
			isa = PBXVariantGroup;
			children = (
				A51D18842382BD0400115277 /* Base */,
			);
			name = Main.storyboard;
			sourceTree = "<group>";
		};
		A51D18882382BD0700115277 /* LaunchScreen.storyboard */ = {
			isa = PBXVariantGroup;
			children = (
				A51D18892382BD0700115277 /* Base */,
			);
			name = LaunchScreen.storyboard;
			sourceTree = "<group>";
		};
/* End PBXVariantGroup section */

/* Begin XCBuildConfiguration section */
		A51D18972382BD0800115277 /* Debug */ = {
			isa = XCBuildConfiguration;
			buildSettings = {
				ALWAYS_SEARCH_USER_PATHS = NO;
				CLANG_ANALYZER_NONNULL = YES;
				CLANG_ANALYZER_NUMBER_OBJECT_CONVERSION = YES_AGGRESSIVE;
				CLANG_CXX_LANGUAGE_STANDARD = "gnu++14";
				CLANG_CXX_LIBRARY = "libc++";
				CLANG_ENABLE_MODULES = YES;
				CLANG_ENABLE_OBJC_ARC = YES;
				CLANG_ENABLE_OBJC_WEAK = YES;
				CLANG_WARN_BLOCK_CAPTURE_AUTORELEASING = YES;
				CLANG_WARN_BOOL_CONVERSION = YES;
				CLANG_WARN_COMMA = YES;
				CLANG_WARN_CONSTANT_CONVERSION = YES;
				CLANG_WARN_DEPRECATED_OBJC_IMPLEMENTATIONS = YES;
				CLANG_WARN_DIRECT_OBJC_ISA_USAGE = YES_ERROR;
				CLANG_WARN_DOCUMENTATION_COMMENTS = YES;
				CLANG_WARN_EMPTY_BODY = YES;
				CLANG_WARN_ENUM_CONVERSION = YES;
				CLANG_WARN_INFINITE_RECURSION = YES;
				CLANG_WARN_INT_CONVERSION = YES;
				CLANG_WARN_NON_LITERAL_NULL_CONVERSION = YES;
				CLANG_WARN_OBJC_IMPLICIT_RETAIN_SELF = YES;
				CLANG_WARN_OBJC_LITERAL_CONVERSION = YES;
				CLANG_WARN_OBJC_ROOT_CLASS = YES_ERROR;
				CLANG_WARN_RANGE_LOOP_ANALYSIS = YES;
				CLANG_WARN_STRICT_PROTOTYPES = YES;
				CLANG_WARN_SUSPICIOUS_MOVE = YES;
				CLANG_WARN_UNGUARDED_AVAILABILITY = YES_AGGRESSIVE;
				CLANG_WARN_UNREACHABLE_CODE = YES;
				CLANG_WARN__DUPLICATE_METHOD_MATCH = YES;
				COPY_PHASE_STRIP = NO;
				DEBUG_INFORMATION_FORMAT = dwarf;
				ENABLE_STRICT_OBJC_MSGSEND = YES;
				ENABLE_TESTABILITY = YES;
				GCC_C_LANGUAGE_STANDARD = gnu11;
				GCC_DYNAMIC_NO_PIC = NO;
				GCC_NO_COMMON_BLOCKS = YES;
				GCC_OPTIMIZATION_LEVEL = 0;
				GCC_PREPROCESSOR_DEFINITIONS = (
					"DEBUG=1",
					"$(inherited)",
				);
				GCC_WARN_64_TO_32_BIT_CONVERSION = YES;
				GCC_WARN_ABOUT_RETURN_TYPE = YES_ERROR;
				GCC_WARN_UNDECLARED_SELECTOR = YES;
				GCC_WARN_UNINITIALIZED_AUTOS = YES_AGGRESSIVE;
				GCC_WARN_UNUSED_FUNCTION = YES;
				GCC_WARN_UNUSED_VARIABLE = YES;
				IPHONEOS_DEPLOYMENT_TARGET = 13.1;
				MTL_ENABLE_DEBUG_INFO = INCLUDE_SOURCE;
				MTL_FAST_MATH = YES;
				ONLY_ACTIVE_ARCH = YES;
				SDKROOT = iphoneos;
				SWIFT_ACTIVE_COMPILATION_CONDITIONS = DEBUG;
				SWIFT_OPTIMIZATION_LEVEL = "-Onone";
			};
			name = Debug;
		};
		A51D18982382BD0800115277 /* Release */ = {
			isa = XCBuildConfiguration;
			buildSettings = {
				ALWAYS_SEARCH_USER_PATHS = NO;
				CLANG_ANALYZER_NONNULL = YES;
				CLANG_ANALYZER_NUMBER_OBJECT_CONVERSION = YES_AGGRESSIVE;
				CLANG_CXX_LANGUAGE_STANDARD = "gnu++14";
				CLANG_CXX_LIBRARY = "libc++";
				CLANG_ENABLE_MODULES = YES;
				CLANG_ENABLE_OBJC_ARC = YES;
				CLANG_ENABLE_OBJC_WEAK = YES;
				CLANG_WARN_BLOCK_CAPTURE_AUTORELEASING = YES;
				CLANG_WARN_BOOL_CONVERSION = YES;
				CLANG_WARN_COMMA = YES;
				CLANG_WARN_CONSTANT_CONVERSION = YES;
				CLANG_WARN_DEPRECATED_OBJC_IMPLEMENTATIONS = YES;
				CLANG_WARN_DIRECT_OBJC_ISA_USAGE = YES_ERROR;
				CLANG_WARN_DOCUMENTATION_COMMENTS = YES;
				CLANG_WARN_EMPTY_BODY = YES;
				CLANG_WARN_ENUM_CONVERSION = YES;
				CLANG_WARN_INFINITE_RECURSION = YES;
				CLANG_WARN_INT_CONVERSION = YES;
				CLANG_WARN_NON_LITERAL_NULL_CONVERSION = YES;
				CLANG_WARN_OBJC_IMPLICIT_RETAIN_SELF = YES;
				CLANG_WARN_OBJC_LITERAL_CONVERSION = YES;
				CLANG_WARN_OBJC_ROOT_CLASS = YES_ERROR;
				CLANG_WARN_RANGE_LOOP_ANALYSIS = YES;
				CLANG_WARN_STRICT_PROTOTYPES = YES;
				CLANG_WARN_SUSPICIOUS_MOVE = YES;
				CLANG_WARN_UNGUARDED_AVAILABILITY = YES_AGGRESSIVE;
				CLANG_WARN_UNREACHABLE_CODE = YES;
				CLANG_WARN__DUPLICATE_METHOD_MATCH = YES;
				COPY_PHASE_STRIP = NO;
				DEBUG_INFORMATION_FORMAT = "dwarf-with-dsym";
				ENABLE_NS_ASSERTIONS = NO;
				ENABLE_STRICT_OBJC_MSGSEND = YES;
				GCC_C_LANGUAGE_STANDARD = gnu11;
				GCC_NO_COMMON_BLOCKS = YES;
				GCC_WARN_64_TO_32_BIT_CONVERSION = YES;
				GCC_WARN_ABOUT_RETURN_TYPE = YES_ERROR;
				GCC_WARN_UNDECLARED_SELECTOR = YES;
				GCC_WARN_UNINITIALIZED_AUTOS = YES_AGGRESSIVE;
				GCC_WARN_UNUSED_FUNCTION = YES;
				GCC_WARN_UNUSED_VARIABLE = YES;
				IPHONEOS_DEPLOYMENT_TARGET = 13.1;
				MTL_ENABLE_DEBUG_INFO = NO;
				MTL_FAST_MATH = YES;
				SDKROOT = iphoneos;
				SWIFT_COMPILATION_MODE = wholemodule;
				SWIFT_OPTIMIZATION_LEVEL = "-O";
				VALIDATE_PRODUCT = YES;
			};
			name = Release;
		};
		A51D189A2382BD0800115277 /* Debug */ = {
			isa = XCBuildConfiguration;
			buildSettings = {
				ALWAYS_EMBED_SWIFT_STANDARD_LIBRARIES = YES;
				ASSETCATALOG_COMPILER_APPICON_NAME = AppIcon;
				CODE_SIGN_STYLE = Automatic;
				DEVELOPMENT_TEAM = 6T6D4T4X29;
				INFOPLIST_FILE = VIPERBook1Sample/Info.plist;
				LD_RUNPATH_SEARCH_PATHS = (
					"$(inherited)",
					"@executable_path/Frameworks",
				);
				PRODUCT_BUNDLE_IDENTIFIER = jp.co.curiosity.VIPERBook1Sample;
				PRODUCT_NAME = "$(TARGET_NAME)";
				SWIFT_VERSION = 5.0;
				TARGETED_DEVICE_FAMILY = 1;
			};
			name = Debug;
		};
		A51D189B2382BD0800115277 /* Release */ = {
			isa = XCBuildConfiguration;
			buildSettings = {
				ALWAYS_EMBED_SWIFT_STANDARD_LIBRARIES = YES;
				ASSETCATALOG_COMPILER_APPICON_NAME = AppIcon;
				CODE_SIGN_STYLE = Automatic;
				DEVELOPMENT_TEAM = 6T6D4T4X29;
				INFOPLIST_FILE = VIPERBook1Sample/Info.plist;
				LD_RUNPATH_SEARCH_PATHS = (
					"$(inherited)",
					"@executable_path/Frameworks",
				);
				PRODUCT_BUNDLE_IDENTIFIER = jp.co.curiosity.VIPERBook1Sample;
				PRODUCT_NAME = "$(TARGET_NAME)";
				SWIFT_VERSION = 5.0;
				TARGETED_DEVICE_FAMILY = 1;
			};
			name = Release;
		};
		A51D19CA238982C800115277 /* Debug */ = {
			isa = XCBuildConfiguration;
			buildSettings = {
				CLANG_ENABLE_MODULES = YES;
				CODE_SIGN_STYLE = Automatic;
				CURRENT_PROJECT_VERSION = 1;
				DEFINES_MODULE = YES;
				DEVELOPMENT_TEAM = 6T6D4T4X29;
				DYLIB_COMPATIBILITY_VERSION = 1;
				DYLIB_CURRENT_VERSION = 1;
				DYLIB_INSTALL_NAME_BASE = "@rpath";
				INFOPLIST_FILE = Sample1A/Info.plist;
				INSTALL_PATH = "$(LOCAL_LIBRARY_DIR)/Frameworks";
				IPHONEOS_DEPLOYMENT_TARGET = 13.1;
				LD_RUNPATH_SEARCH_PATHS = (
					"$(inherited)",
					"@executable_path/Frameworks",
					"@loader_path/Frameworks",
				);
				PRODUCT_BUNDLE_IDENTIFIER = jp.co.curiosity.Sample1A;
				PRODUCT_NAME = "$(TARGET_NAME:c99extidentifier)";
				SKIP_INSTALL = YES;
				SUPPORTS_MACCATALYST = NO;
				SWIFT_OPTIMIZATION_LEVEL = "-Onone";
				SWIFT_VERSION = 5.0;
				TARGETED_DEVICE_FAMILY = 1;
				VERSIONING_SYSTEM = "apple-generic";
				VERSION_INFO_PREFIX = "";
			};
			name = Debug;
		};
		A51D19CB238982C800115277 /* Release */ = {
			isa = XCBuildConfiguration;
			buildSettings = {
				CLANG_ENABLE_MODULES = YES;
				CODE_SIGN_STYLE = Automatic;
				CURRENT_PROJECT_VERSION = 1;
				DEFINES_MODULE = YES;
				DEVELOPMENT_TEAM = 6T6D4T4X29;
				DYLIB_COMPATIBILITY_VERSION = 1;
				DYLIB_CURRENT_VERSION = 1;
				DYLIB_INSTALL_NAME_BASE = "@rpath";
				INFOPLIST_FILE = Sample1A/Info.plist;
				INSTALL_PATH = "$(LOCAL_LIBRARY_DIR)/Frameworks";
				IPHONEOS_DEPLOYMENT_TARGET = 13.1;
				LD_RUNPATH_SEARCH_PATHS = (
					"$(inherited)",
					"@executable_path/Frameworks",
					"@loader_path/Frameworks",
				);
				PRODUCT_BUNDLE_IDENTIFIER = jp.co.curiosity.Sample1A;
				PRODUCT_NAME = "$(TARGET_NAME:c99extidentifier)";
				SKIP_INSTALL = YES;
				SUPPORTS_MACCATALYST = NO;
				SWIFT_VERSION = 5.0;
				TARGETED_DEVICE_FAMILY = 1;
				VERSIONING_SYSTEM = "apple-generic";
				VERSION_INFO_PREFIX = "";
			};
			name = Release;
		};
		A51D19CC238982C800115277 /* Debug */ = {
			isa = XCBuildConfiguration;
			buildSettings = {
				ALWAYS_EMBED_SWIFT_STANDARD_LIBRARIES = YES;
				CODE_SIGN_STYLE = Automatic;
				DEVELOPMENT_TEAM = 6T6D4T4X29;
				INFOPLIST_FILE = Sample1ATests/Info.plist;
				IPHONEOS_DEPLOYMENT_TARGET = 13.2;
				LD_RUNPATH_SEARCH_PATHS = (
					"$(inherited)",
					"@executable_path/Frameworks",
					"@loader_path/Frameworks",
				);
				PRODUCT_BUNDLE_IDENTIFIER = jp.co.curiosity.Sample1ATests;
				PRODUCT_NAME = "$(TARGET_NAME)";
				SWIFT_VERSION = 5.0;
				TARGETED_DEVICE_FAMILY = "1,2";
				TEST_HOST = "$(BUILT_PRODUCTS_DIR)/VIPERBook1Sample.app/VIPERBook1Sample";
			};
			name = Debug;
		};
		A51D19CD238982C800115277 /* Release */ = {
			isa = XCBuildConfiguration;
			buildSettings = {
				ALWAYS_EMBED_SWIFT_STANDARD_LIBRARIES = YES;
				CODE_SIGN_STYLE = Automatic;
				DEVELOPMENT_TEAM = 6T6D4T4X29;
				INFOPLIST_FILE = Sample1ATests/Info.plist;
				IPHONEOS_DEPLOYMENT_TARGET = 13.2;
				LD_RUNPATH_SEARCH_PATHS = (
					"$(inherited)",
					"@executable_path/Frameworks",
					"@loader_path/Frameworks",
				);
				PRODUCT_BUNDLE_IDENTIFIER = jp.co.curiosity.Sample1ATests;
				PRODUCT_NAME = "$(TARGET_NAME)";
				SWIFT_VERSION = 5.0;
				TARGETED_DEVICE_FAMILY = "1,2";
				TEST_HOST = "$(BUILT_PRODUCTS_DIR)/VIPERBook1Sample.app/VIPERBook1Sample";
			};
			name = Release;
		};
/* End XCBuildConfiguration section */

/* Begin XCConfigurationList section */
		A51D18752382BD0400115277 /* Build configuration list for PBXProject "VIPERBook1Sample" */ = {
			isa = XCConfigurationList;
			buildConfigurations = (
				A51D18972382BD0800115277 /* Debug */,
				A51D18982382BD0800115277 /* Release */,
			);
			defaultConfigurationIsVisible = 0;
			defaultConfigurationName = Release;
		};
		A51D18992382BD0800115277 /* Build configuration list for PBXNativeTarget "VIPERBook1Sample" */ = {
			isa = XCConfigurationList;
			buildConfigurations = (
				A51D189A2382BD0800115277 /* Debug */,
				A51D189B2382BD0800115277 /* Release */,
			);
			defaultConfigurationIsVisible = 0;
			defaultConfigurationName = Release;
		};
		A51D19CE238982C800115277 /* Build configuration list for PBXNativeTarget "Sample1A" */ = {
			isa = XCConfigurationList;
			buildConfigurations = (
				A51D19CA238982C800115277 /* Debug */,
				A51D19CB238982C800115277 /* Release */,
			);
			defaultConfigurationIsVisible = 0;
			defaultConfigurationName = Release;
		};
		A51D19CF238982C800115277 /* Build configuration list for PBXNativeTarget "Sample1ATests" */ = {
			isa = XCConfigurationList;
			buildConfigurations = (
				A51D19CC238982C800115277 /* Debug */,
				A51D19CD238982C800115277 /* Release */,
			);
			defaultConfigurationIsVisible = 0;
			defaultConfigurationName = Release;
		};
/* End XCConfigurationList section */
	};
	rootObject = A51D18722382BD0400115277 /* Project object */;
}
